
Microsoft Visual Studio Solution File, Format Version 12.00
# Visual Studio Version 16
VisualStudioVersion = 16.0.31729.503
MinimumVisualStudioVersion = 10.0.40219.1
Project("{FAE04EC0-301F-11D3-BF4B-00C04F79EFBC}") = "telaCadastro", "telaCadastro\telaCadastro.csproj", "{F258B1AA-846D-4568-889F-80AB8ED5250C}"
EndProject
Global
	GlobalSection(SolutionConfigurationPlatforms) = preSolution
		Debug|Any CPU = Debug|Any CPU
		Release|Any CPU = Release|Any CPU
	EndGlobalSection
	GlobalSection(ProjectConfigurationPlatforms) = postSolution
		{F258B1AA-846D-4568-889F-80AB8ED5250C}.Debug|Any CPU.ActiveCfg = Debug|Any CPU
		{F258B1AA-846D-4568-889F-80AB8ED5250C}.Debug|Any CPU.Build.0 = Debug|Any CPU
		{F258B1AA-846D-4568-889F-80AB8ED5250C}.Release|Any CPU.ActiveCfg = Release|Any CPU
		{F258B1AA-846D-4568-889F-80AB8ED5250C}.Release|Any CPU.Build.0 = Release|Any CPU
	EndGlobalSection
	GlobalSection(SolutionProperties) = preSolution
		HideSolutionNode = FALSE
	EndGlobalSection
	GlobalSection(ExtensibilityGlobals) = postSolution
		SolutionGuid = {A3DBCAFD-AD61-4755-AC89-4CB622DD9980}
	EndGlobalSection
EndGlobal
